// !$*UTF8*$!
{
	archiveVersion = 1;
	classes = {
	};
	objectVersion = 56;
	objects = {

/* Begin PBXBuildFile section */
		850960E929DE9F6000B16E87 /* GetMealsAPI.swift in Sources */ = {isa = PBXBuildFile; fileRef = 850960E829DE9F6000B16E87 /* GetMealsAPI.swift */; };
		8541418C29C9A6C50063DF27 /* AppDelegate.swift in Sources */ = {isa = PBXBuildFile; fileRef = 8541418B29C9A6C50063DF27 /* AppDelegate.swift */; };
		8541418E29C9A6C50063DF27 /* SceneDelegate.swift in Sources */ = {isa = PBXBuildFile; fileRef = 8541418D29C9A6C50063DF27 /* SceneDelegate.swift */; };
		8541419029C9A6C50063DF27 /* SigninVC.swift in Sources */ = {isa = PBXBuildFile; fileRef = 8541418F29C9A6C50063DF27 /* SigninVC.swift */; };
		8541419529C9A6C50063DF27 /* Assets.xcassets in Resources */ = {isa = PBXBuildFile; fileRef = 8541419429C9A6C50063DF27 /* Assets.xcassets */; };
		8541419829C9A6C50063DF27 /* LaunchScreen.storyboard in Resources */ = {isa = PBXBuildFile; fileRef = 8541419629C9A6C50063DF27 /* LaunchScreen.storyboard */; };
		854141A129C9A8D40063DF27 /* Then in Frameworks */ = {isa = PBXBuildFile; productRef = 854141A029C9A8D40063DF27 /* Then */; };
		854141A729C9A8F70063DF27 /* SnapKit in Frameworks */ = {isa = PBXBuildFile; productRef = 854141A629C9A8F70063DF27 /* SnapKit */; };
		854141A929C9AC4B0063DF27 /* Color.swift in Sources */ = {isa = PBXBuildFile; fileRef = 854141A829C9AC4B0063DF27 /* Color.swift */; };
		854141AD29C9AE2B0063DF27 /* SignupVC.swift in Sources */ = {isa = PBXBuildFile; fileRef = 854141AC29C9AE2B0063DF27 /* SignupVC.swift */; };
		854141B029C9AEA00063DF27 /* DataBase.xcdatamodeld in Sources */ = {isa = PBXBuildFile; fileRef = 854141AE29C9AEA00063DF27 /* DataBase.xcdatamodeld */; };
		854141B629CA83740063DF27 /* API.swift in Sources */ = {isa = PBXBuildFile; fileRef = 854141B529CA83740063DF27 /* API.swift */; };
		85482A2129CC4AA700F79893 /* SignupNameVC.swift in Sources */ = {isa = PBXBuildFile; fileRef = 85482A2029CC4AA700F79893 /* SignupNameVC.swift */; };
		85482A2329CC4AFD00F79893 /* SignupIDVC.swift in Sources */ = {isa = PBXBuildFile; fileRef = 85482A2229CC4AFD00F79893 /* SignupIDVC.swift */; };
		85482A2529CC4B0D00F79893 /* SignupPWVC.swift in Sources */ = {isa = PBXBuildFile; fileRef = 85482A2429CC4B0D00F79893 /* SignupPWVC.swift */; };
		85482A2729CC4B7600F79893 /* SignupStudentNumberVC.swift in Sources */ = {isa = PBXBuildFile; fileRef = 85482A2629CC4B7600F79893 /* SignupStudentNumberVC.swift */; };
		8588874629CAA53100D0CDAA /* StudentIDCardVC.swift in Sources */ = {isa = PBXBuildFile; fileRef = 8588874529CAA53100D0CDAA /* StudentIDCardVC.swift */; };
		8588874C29CABCDD00D0CDAA /* Alamofire in Frameworks */ = {isa = PBXBuildFile; productRef = 8588874B29CABCDD00D0CDAA /* Alamofire */; settings = {ATTRIBUTES = (Required, ); }; };
		85963EEA29D5D65A0068EC3E /* Signin.swift in Sources */ = {isa = PBXBuildFile; fileRef = 85963EE929D5D65A0068EC3E /* Signin.swift */; };
		85BEC5A229D558F200B9948E /* BottomSheetView.swift in Sources */ = {isa = PBXBuildFile; fileRef = 85BEC5A129D558F200B9948E /* BottomSheetView.swift */; };
		85E292C929D32D260054E012 /* NFC.swift in Sources */ = {isa = PBXBuildFile; fileRef = 85E292C829D32D260054E012 /* NFC.swift */; };
		85E292D029D3D45B0054E012 /* StudentShowMealsView.swift in Sources */ = {isa = PBXBuildFile; fileRef = 85E292CF29D3D45B0054E012 /* StudentShowMealsView.swift */; };
		85EB818929E2FE08004F4780 /* EditStudentIDCardVC.swift in Sources */ = {isa = PBXBuildFile; fileRef = 85EB818829E2FE08004F4780 /* EditStudentIDCardVC.swift */; };
/* End PBXBuildFile section */

/* Begin PBXFileReference section */
		8507E5BD29D3FC230094B7E1 /* LetsEatingTime.entitlements */ = {isa = PBXFileReference; fileEncoding = 4; lastKnownFileType = text.plist.entitlements; path = LetsEatingTime.entitlements; sourceTree = "<group>"; };
		850960E829DE9F6000B16E87 /* GetMealsAPI.swift */ = {isa = PBXFileReference; lastKnownFileType = sourcecode.swift; path = GetMealsAPI.swift; sourceTree = "<group>"; };
		8541418829C9A6C50063DF27 /* LetsEatingTime.app */ = {isa = PBXFileReference; explicitFileType = wrapper.application; includeInIndex = 0; path = LetsEatingTime.app; sourceTree = BUILT_PRODUCTS_DIR; };
		8541418B29C9A6C50063DF27 /* AppDelegate.swift */ = {isa = PBXFileReference; lastKnownFileType = sourcecode.swift; path = AppDelegate.swift; sourceTree = "<group>"; };
		8541418D29C9A6C50063DF27 /* SceneDelegate.swift */ = {isa = PBXFileReference; lastKnownFileType = sourcecode.swift; path = SceneDelegate.swift; sourceTree = "<group>"; };
		8541418F29C9A6C50063DF27 /* SigninVC.swift */ = {isa = PBXFileReference; lastKnownFileType = sourcecode.swift; path = SigninVC.swift; sourceTree = "<group>"; };
		8541419429C9A6C50063DF27 /* Assets.xcassets */ = {isa = PBXFileReference; lastKnownFileType = folder.assetcatalog; path = Assets.xcassets; sourceTree = "<group>"; };
		8541419729C9A6C50063DF27 /* Base */ = {isa = PBXFileReference; lastKnownFileType = file.storyboard; name = Base; path = Base.lproj/LaunchScreen.storyboard; sourceTree = "<group>"; };
		8541419929C9A6C50063DF27 /* Info.plist */ = {isa = PBXFileReference; lastKnownFileType = text.plist.xml; path = Info.plist; sourceTree = "<group>"; };
		854141A829C9AC4B0063DF27 /* Color.swift */ = {isa = PBXFileReference; lastKnownFileType = sourcecode.swift; path = Color.swift; sourceTree = "<group>"; };
		854141AC29C9AE2B0063DF27 /* SignupVC.swift */ = {isa = PBXFileReference; lastKnownFileType = sourcecode.swift; path = SignupVC.swift; sourceTree = "<group>"; };
		854141AF29C9AEA00063DF27 /* DataBase.xcdatamodel */ = {isa = PBXFileReference; lastKnownFileType = wrapper.xcdatamodel; path = DataBase.xcdatamodel; sourceTree = "<group>"; };
		854141B529CA83740063DF27 /* API.swift */ = {isa = PBXFileReference; lastKnownFileType = sourcecode.swift; path = API.swift; sourceTree = "<group>"; };
		85482A2029CC4AA700F79893 /* SignupNameVC.swift */ = {isa = PBXFileReference; lastKnownFileType = sourcecode.swift; path = SignupNameVC.swift; sourceTree = "<group>"; };
		85482A2229CC4AFD00F79893 /* SignupIDVC.swift */ = {isa = PBXFileReference; lastKnownFileType = sourcecode.swift; path = SignupIDVC.swift; sourceTree = "<group>"; };
		85482A2429CC4B0D00F79893 /* SignupPWVC.swift */ = {isa = PBXFileReference; lastKnownFileType = sourcecode.swift; path = SignupPWVC.swift; sourceTree = "<group>"; };
		85482A2629CC4B7600F79893 /* SignupStudentNumberVC.swift */ = {isa = PBXFileReference; lastKnownFileType = sourcecode.swift; path = SignupStudentNumberVC.swift; sourceTree = "<group>"; };
		8588874529CAA53100D0CDAA /* StudentIDCardVC.swift */ = {isa = PBXFileReference; lastKnownFileType = sourcecode.swift; path = StudentIDCardVC.swift; sourceTree = "<group>"; };
		85963EE929D5D65A0068EC3E /* Signin.swift */ = {isa = PBXFileReference; lastKnownFileType = sourcecode.swift; path = Signin.swift; sourceTree = "<group>"; };
		85BEC5A129D558F200B9948E /* BottomSheetView.swift */ = {isa = PBXFileReference; lastKnownFileType = sourcecode.swift; path = BottomSheetView.swift; sourceTree = "<group>"; };
		85E292C829D32D260054E012 /* NFC.swift */ = {isa = PBXFileReference; lastKnownFileType = sourcecode.swift; path = NFC.swift; sourceTree = "<group>"; };
		85E292CF29D3D45B0054E012 /* StudentShowMealsView.swift */ = {isa = PBXFileReference; lastKnownFileType = sourcecode.swift; path = StudentShowMealsView.swift; sourceTree = "<group>"; };
		85EB818829E2FE08004F4780 /* EditStudentIDCardVC.swift */ = {isa = PBXFileReference; lastKnownFileType = sourcecode.swift; path = EditStudentIDCardVC.swift; sourceTree = "<group>"; };
/* End PBXFileReference section */

/* Begin PBXFrameworksBuildPhase section */
		8541418529C9A6C50063DF27 /* Frameworks */ = {
			isa = PBXFrameworksBuildPhase;
			buildActionMask = 2147483647;
			files = (
				8588874C29CABCDD00D0CDAA /* Alamofire in Frameworks */,
				854141A729C9A8F70063DF27 /* SnapKit in Frameworks */,
				854141A129C9A8D40063DF27 /* Then in Frameworks */,
			);
			runOnlyForDeploymentPostprocessing = 0;
		};
/* End PBXFrameworksBuildPhase section */

/* Begin PBXGroup section */
		8507E5C029D4679C0094B7E1 /* Resources */ = {
			isa = PBXGroup;
			children = (
				854141B129CA833A0063DF27 /* Extention */,
				854141AA29C9AC4D0063DF27 /* Object */,
			);
			path = Resources;
			sourceTree = "<group>";
		};
		8541417F29C9A6C50063DF27 = {
			isa = PBXGroup;
			children = (
				8541418A29C9A6C50063DF27 /* LetsEatingTime */,
				8541418929C9A6C50063DF27 /* Products */,
			);
			sourceTree = "<group>";
		};
		8541418929C9A6C50063DF27 /* Products */ = {
			isa = PBXGroup;
			children = (
				8541418829C9A6C50063DF27 /* LetsEatingTime.app */,
			);
			name = Products;
			sourceTree = "<group>";
		};
		8541418A29C9A6C50063DF27 /* LetsEatingTime */ = {
			isa = PBXGroup;
			children = (
				8507E5BD29D3FC230094B7E1 /* LetsEatingTime.entitlements */,
				854141AE29C9AEA00063DF27 /* DataBase.xcdatamodeld */,
				8541418B29C9A6C50063DF27 /* AppDelegate.swift */,
				8541418D29C9A6C50063DF27 /* SceneDelegate.swift */,
				8541419429C9A6C50063DF27 /* Assets.xcassets */,
				8541419629C9A6C50063DF27 /* LaunchScreen.storyboard */,
				8541419929C9A6C50063DF27 /* Info.plist */,
				8507E5C029D4679C0094B7E1 /* Resources */,
				85482A2929CC4BB100F79893 /* Sources */,
			);
			path = LetsEatingTime;
			sourceTree = "<group>";
		};
		854141AA29C9AC4D0063DF27 /* Object */ = {
			isa = PBXGroup;
			children = (
				854141A829C9AC4B0063DF27 /* Color.swift */,
			);
			path = Object;
			sourceTree = "<group>";
		};
		854141AB29C9AD780063DF27 /* login */ = {
			isa = PBXGroup;
			children = (
				8541418F29C9A6C50063DF27 /* SigninVC.swift */,
				85482A2829CC4B7A00F79893 /* Signup */,
			);
			path = login;
			sourceTree = "<group>";
		};
		854141B129CA833A0063DF27 /* Extention */ = {
			isa = PBXGroup;
			children = (
				854141B529CA83740063DF27 /* API.swift */,
			);
			path = Extention;
			sourceTree = "<group>";
		};
		85482A2829CC4B7A00F79893 /* Signup */ = {
			isa = PBXGroup;
			children = (
				854141AC29C9AE2B0063DF27 /* SignupVC.swift */,
				85482A2229CC4AFD00F79893 /* SignupIDVC.swift */,
				85482A2429CC4B0D00F79893 /* SignupPWVC.swift */,
				85482A2029CC4AA700F79893 /* SignupNameVC.swift */,
				85482A2629CC4B7600F79893 /* SignupStudentNumberVC.swift */,
			);
			path = Signup;
			sourceTree = "<group>";
		};
		85482A2929CC4BB100F79893 /* Sources */ = {
			isa = PBXGroup;
			children = (
				85E292CE29D3D3520054E012 /* Mobel */,
				85482A2A29CC4BF400F79893 /* View */,
			);
			path = Sources;
			sourceTree = "<group>";
		};
		85482A2A29CC4BF400F79893 /* View */ = {
			isa = PBXGroup;
			children = (
				854141AB29C9AD780063DF27 /* login */,
				8588874429CAA50B00D0CDAA /* Student */,
			);
			path = View;
			sourceTree = "<group>";
		};
		8588874429CAA50B00D0CDAA /* Student */ = {
			isa = PBXGroup;
			children = (
				8588874529CAA53100D0CDAA /* StudentIDCardVC.swift */,
				85E292CF29D3D45B0054E012 /* StudentShowMealsView.swift */,
				85BEC5A129D558F200B9948E /* BottomSheetView.swift */,
				85EB818829E2FE08004F4780 /* EditStudentIDCardVC.swift */,
			);
			path = Student;
			sourceTree = "<group>";
		};
		85E292CE29D3D3520054E012 /* Mobel */ = {
			isa = PBXGroup;
			children = (
				85E292C829D32D260054E012 /* NFC.swift */,
				85963EE929D5D65A0068EC3E /* Signin.swift */,
				850960E829DE9F6000B16E87 /* GetMealsAPI.swift */,
			);
			path = Mobel;
			sourceTree = "<group>";
		};
/* End PBXGroup section */

/* Begin PBXNativeTarget section */
		8541418729C9A6C50063DF27 /* LetsEatingTime */ = {
			isa = PBXNativeTarget;
			buildConfigurationList = 8541419C29C9A6C50063DF27 /* Build configuration list for PBXNativeTarget "LetsEatingTime" */;
			buildPhases = (
				8541418429C9A6C50063DF27 /* Sources */,
				8541418529C9A6C50063DF27 /* Frameworks */,
				8541418629C9A6C50063DF27 /* Resources */,
			);
			buildRules = (
			);
			dependencies = (
			);
			name = LetsEatingTime;
			packageProductDependencies = (
				854141A029C9A8D40063DF27 /* Then */,
				854141A629C9A8F70063DF27 /* SnapKit */,
				8588874B29CABCDD00D0CDAA /* Alamofire */,
			);
			productName = LetsEatingTime;
			productReference = 8541418829C9A6C50063DF27 /* LetsEatingTime.app */;
			productType = "com.apple.product-type.application";
		};
/* End PBXNativeTarget section */

/* Begin PBXProject section */
		8541418029C9A6C50063DF27 /* Project object */ = {
			isa = PBXProject;
			attributes = {
				BuildIndependentTargetsInParallel = 1;
				LastSwiftUpdateCheck = 1420;
				LastUpgradeCheck = 1420;
				TargetAttributes = {
					8541418729C9A6C50063DF27 = {
						CreatedOnToolsVersion = 14.2;
					};
				};
			};
			buildConfigurationList = 8541418329C9A6C50063DF27 /* Build configuration list for PBXProject "LetsEatingTime" */;
			compatibilityVersion = "Xcode 14.0";
			developmentRegion = en;
			hasScannedForEncodings = 0;
			knownRegions = (
				en,
				Base,
			);
			mainGroup = 8541417F29C9A6C50063DF27;
			packageReferences = (
				8541419F29C9A8D40063DF27 /* XCRemoteSwiftPackageReference "Then" */,
				854141A529C9A8F70063DF27 /* XCRemoteSwiftPackageReference "SnapKit" */,
				8588874A29CABCDD00D0CDAA /* XCRemoteSwiftPackageReference "Alamofire" */,
			);
			productRefGroup = 8541418929C9A6C50063DF27 /* Products */;
			projectDirPath = "";
			projectRoot = "";
			targets = (
				8541418729C9A6C50063DF27 /* LetsEatingTime */,
			);
		};
/* End PBXProject section */

/* Begin PBXResourcesBuildPhase section */
		8541418629C9A6C50063DF27 /* Resources */ = {
			isa = PBXResourcesBuildPhase;
			buildActionMask = 2147483647;
			files = (
				8541419829C9A6C50063DF27 /* LaunchScreen.storyboard in Resources */,
				8541419529C9A6C50063DF27 /* Assets.xcassets in Resources */,
			);
			runOnlyForDeploymentPostprocessing = 0;
		};
/* End PBXResourcesBuildPhase section */

/* Begin PBXSourcesBuildPhase section */
		8541418429C9A6C50063DF27 /* Sources */ = {
			isa = PBXSourcesBuildPhase;
			buildActionMask = 2147483647;
			files = (
				854141B629CA83740063DF27 /* API.swift in Sources */,
				8541419029C9A6C50063DF27 /* SigninVC.swift in Sources */,
				854141AD29C9AE2B0063DF27 /* SignupVC.swift in Sources */,
				85482A2129CC4AA700F79893 /* SignupNameVC.swift in Sources */,
				85482A2729CC4B7600F79893 /* SignupStudentNumberVC.swift in Sources */,
				854141B029C9AEA00063DF27 /* DataBase.xcdatamodeld in Sources */,
				85482A2329CC4AFD00F79893 /* SignupIDVC.swift in Sources */,
				854141A929C9AC4B0063DF27 /* Color.swift in Sources */,
				8541418C29C9A6C50063DF27 /* AppDelegate.swift in Sources */,
				850960E929DE9F6000B16E87 /* GetMealsAPI.swift in Sources */,
				85BEC5A229D558F200B9948E /* BottomSheetView.swift in Sources */,
				8541418E29C9A6C50063DF27 /* SceneDelegate.swift in Sources */,
				85E292C929D32D260054E012 /* NFC.swift in Sources */,
				85E292D029D3D45B0054E012 /* StudentShowMealsView.swift in Sources */,
				85482A2529CC4B0D00F79893 /* SignupPWVC.swift in Sources */,
				85EB818929E2FE08004F4780 /* EditStudentIDCardVC.swift in Sources */,
				8588874629CAA53100D0CDAA /* StudentIDCardVC.swift in Sources */,
				85963EEA29D5D65A0068EC3E /* Signin.swift in Sources */,
			);
			runOnlyForDeploymentPostprocessing = 0;
		};
/* End PBXSourcesBuildPhase section */

/* Begin PBXVariantGroup section */
		8541419629C9A6C50063DF27 /* LaunchScreen.storyboard */ = {
			isa = PBXVariantGroup;
			children = (
				8541419729C9A6C50063DF27 /* Base */,
			);
			name = LaunchScreen.storyboard;
			sourceTree = "<group>";
		};
/* End PBXVariantGroup section */

/* Begin XCBuildConfiguration section */
		8541419A29C9A6C50063DF27 /* Debug */ = {
			isa = XCBuildConfiguration;
			buildSettings = {
				ALWAYS_SEARCH_USER_PATHS = NO;
				CLANG_ANALYZER_NONNULL = YES;
				CLANG_ANALYZER_NUMBER_OBJECT_CONVERSION = YES_AGGRESSIVE;
				CLANG_CXX_LANGUAGE_STANDARD = "gnu++20";
				CLANG_ENABLE_MODULES = YES;
				CLANG_ENABLE_OBJC_ARC = YES;
				CLANG_ENABLE_OBJC_WEAK = YES;
				CLANG_WARN_BLOCK_CAPTURE_AUTORELEASING = YES;
				CLANG_WARN_BOOL_CONVERSION = YES;
				CLANG_WARN_COMMA = YES;
				CLANG_WARN_CONSTANT_CONVERSION = YES;
				CLANG_WARN_DEPRECATED_OBJC_IMPLEMENTATIONS = YES;
				CLANG_WARN_DIRECT_OBJC_ISA_USAGE = YES_ERROR;
				CLANG_WARN_DOCUMENTATION_COMMENTS = YES;
				CLANG_WARN_EMPTY_BODY = YES;
				CLANG_WARN_ENUM_CONVERSION = YES;
				CLANG_WARN_INFINITE_RECURSION = YES;
				CLANG_WARN_INT_CONVERSION = YES;
				CLANG_WARN_NON_LITERAL_NULL_CONVERSION = YES;
				CLANG_WARN_OBJC_IMPLICIT_RETAIN_SELF = YES;
				CLANG_WARN_OBJC_LITERAL_CONVERSION = YES;
				CLANG_WARN_OBJC_ROOT_CLASS = YES_ERROR;
				CLANG_WARN_QUOTED_INCLUDE_IN_FRAMEWORK_HEADER = YES;
				CLANG_WARN_RANGE_LOOP_ANALYSIS = YES;
				CLANG_WARN_STRICT_PROTOTYPES = YES;
				CLANG_WARN_SUSPICIOUS_MOVE = YES;
				CLANG_WARN_UNGUARDED_AVAILABILITY = YES_AGGRESSIVE;
				CLANG_WARN_UNREACHABLE_CODE = YES;
				CLANG_WARN__DUPLICATE_METHOD_MATCH = YES;
				COPY_PHASE_STRIP = NO;
				DEBUG_INFORMATION_FORMAT = dwarf;
				ENABLE_STRICT_OBJC_MSGSEND = YES;
				ENABLE_TESTABILITY = YES;
				GCC_C_LANGUAGE_STANDARD = gnu11;
				GCC_DYNAMIC_NO_PIC = NO;
				GCC_NO_COMMON_BLOCKS = YES;
				GCC_OPTIMIZATION_LEVEL = 0;
				GCC_PREPROCESSOR_DEFINITIONS = (
					"DEBUG=1",
					"$(inherited)",
				);
				GCC_WARN_64_TO_32_BIT_CONVERSION = YES;
				GCC_WARN_ABOUT_RETURN_TYPE = YES_ERROR;
				GCC_WARN_UNDECLARED_SELECTOR = YES;
				GCC_WARN_UNINITIALIZED_AUTOS = YES_AGGRESSIVE;
				GCC_WARN_UNUSED_FUNCTION = YES;
				GCC_WARN_UNUSED_VARIABLE = YES;
				IPHONEOS_DEPLOYMENT_TARGET = 16.2;
				MTL_ENABLE_DEBUG_INFO = INCLUDE_SOURCE;
				MTL_FAST_MATH = YES;
				ONLY_ACTIVE_ARCH = YES;
				SDKROOT = iphoneos;
				SWIFT_ACTIVE_COMPILATION_CONDITIONS = DEBUG;
				SWIFT_OPTIMIZATION_LEVEL = "-Onone";
			};
			name = Debug;
		};
		8541419B29C9A6C50063DF27 /* Release */ = {
			isa = XCBuildConfiguration;
			buildSettings = {
				ALWAYS_SEARCH_USER_PATHS = NO;
				CLANG_ANALYZER_NONNULL = YES;
				CLANG_ANALYZER_NUMBER_OBJECT_CONVERSION = YES_AGGRESSIVE;
				CLANG_CXX_LANGUAGE_STANDARD = "gnu++20";
				CLANG_ENABLE_MODULES = YES;
				CLANG_ENABLE_OBJC_ARC = YES;
				CLANG_ENABLE_OBJC_WEAK = YES;
				CLANG_WARN_BLOCK_CAPTURE_AUTORELEASING = YES;
				CLANG_WARN_BOOL_CONVERSION = YES;
				CLANG_WARN_COMMA = YES;
				CLANG_WARN_CONSTANT_CONVERSION = YES;
				CLANG_WARN_DEPRECATED_OBJC_IMPLEMENTATIONS = YES;
				CLANG_WARN_DIRECT_OBJC_ISA_USAGE = YES_ERROR;
				CLANG_WARN_DOCUMENTATION_COMMENTS = YES;
				CLANG_WARN_EMPTY_BODY = YES;
				CLANG_WARN_ENUM_CONVERSION = YES;
				CLANG_WARN_INFINITE_RECURSION = YES;
				CLANG_WARN_INT_CONVERSION = YES;
				CLANG_WARN_NON_LITERAL_NULL_CONVERSION = YES;
				CLANG_WARN_OBJC_IMPLICIT_RETAIN_SELF = YES;
				CLANG_WARN_OBJC_LITERAL_CONVERSION = YES;
				CLANG_WARN_OBJC_ROOT_CLASS = YES_ERROR;
				CLANG_WARN_QUOTED_INCLUDE_IN_FRAMEWORK_HEADER = YES;
				CLANG_WARN_RANGE_LOOP_ANALYSIS = YES;
				CLANG_WARN_STRICT_PROTOTYPES = YES;
				CLANG_WARN_SUSPICIOUS_MOVE = YES;
				CLANG_WARN_UNGUARDED_AVAILABILITY = YES_AGGRESSIVE;
				CLANG_WARN_UNREACHABLE_CODE = YES;
				CLANG_WARN__DUPLICATE_METHOD_MATCH = YES;
				COPY_PHASE_STRIP = NO;
				DEBUG_INFORMATION_FORMAT = "dwarf-with-dsym";
				ENABLE_NS_ASSERTIONS = NO;
				ENABLE_STRICT_OBJC_MSGSEND = YES;
				GCC_C_LANGUAGE_STANDARD = gnu11;
				GCC_NO_COMMON_BLOCKS = YES;
				GCC_WARN_64_TO_32_BIT_CONVERSION = YES;
				GCC_WARN_ABOUT_RETURN_TYPE = YES_ERROR;
				GCC_WARN_UNDECLARED_SELECTOR = YES;
				GCC_WARN_UNINITIALIZED_AUTOS = YES_AGGRESSIVE;
				GCC_WARN_UNUSED_FUNCTION = YES;
				GCC_WARN_UNUSED_VARIABLE = YES;
				IPHONEOS_DEPLOYMENT_TARGET = 16.2;
				MTL_ENABLE_DEBUG_INFO = NO;
				MTL_FAST_MATH = YES;
				SDKROOT = iphoneos;
				SWIFT_COMPILATION_MODE = wholemodule;
				SWIFT_OPTIMIZATION_LEVEL = "-O";
				VALIDATE_PRODUCT = YES;
			};
			name = Release;
		};
		8541419D29C9A6C50063DF27 /* Debug */ = {
			isa = XCBuildConfiguration;
			buildSettings = {
				ASSETCATALOG_COMPILER_APPICON_NAME = AppIcon;
				ASSETCATALOG_COMPILER_GLOBAL_ACCENT_COLOR_NAME = AccentColor;
				CODE_SIGN_ENTITLEMENTS = LetsEatingTime/LetsEatingTime.entitlements;
				CODE_SIGN_STYLE = Automatic;
				CURRENT_PROJECT_VERSION = 1;
				DEVELOPMENT_TEAM = W7X5HRD463;
				GENERATE_INFOPLIST_FILE = YES;
				INFOPLIST_FILE = LetsEatingTime/Info.plist;
				INFOPLIST_KEY_UIApplicationSupportsIndirectInputEvents = YES;
				INFOPLIST_KEY_UILaunchStoryboardName = LaunchScreen;
				INFOPLIST_KEY_UISupportedInterfaceOrientations_iPad = "UIInterfaceOrientationPortrait UIInterfaceOrientationPortraitUpsideDown UIInterfaceOrientationLandscapeLeft UIInterfaceOrientationLandscapeRight";
				INFOPLIST_KEY_UISupportedInterfaceOrientations_iPhone = "UIInterfaceOrientationPortrait UIInterfaceOrientationLandscapeLeft UIInterfaceOrientationLandscapeRight";
				LD_RUNPATH_SEARCH_PATHS = (
					"$(inherited)",
					"@executable_path/Frameworks",
				);
				MARKETING_VERSION = 1.0;
				PRODUCT_BUNDLE_IDENTIFIER = alt.LetsEatingTime;
				PRODUCT_NAME = "$(TARGET_NAME)";
				SWIFT_EMIT_LOC_STRINGS = YES;
				SWIFT_VERSION = 5.0;
				TARGETED_DEVICE_FAMILY = "1,2";
			};
			name = Debug;
		};
		8541419E29C9A6C50063DF27 /* Release */ = {
			isa = XCBuildConfiguration;
			buildSettings = {
				ASSETCATALOG_COMPILER_APPICON_NAME = AppIcon;
				ASSETCATALOG_COMPILER_GLOBAL_ACCENT_COLOR_NAME = AccentColor;
				CODE_SIGN_ENTITLEMENTS = LetsEatingTime/LetsEatingTime.entitlements;
				CODE_SIGN_STYLE = Automatic;
				CURRENT_PROJECT_VERSION = 1;
				DEVELOPMENT_TEAM = W7X5HRD463;
				GENERATE_INFOPLIST_FILE = YES;
				INFOPLIST_FILE = LetsEatingTime/Info.plist;
				INFOPLIST_KEY_UIApplicationSupportsIndirectInputEvents = YES;
				INFOPLIST_KEY_UILaunchStoryboardName = LaunchScreen;
				INFOPLIST_KEY_UISupportedInterfaceOrientations_iPad = "UIInterfaceOrientationPortrait UIInterfaceOrientationPortraitUpsideDown UIInterfaceOrientationLandscapeLeft UIInterfaceOrientationLandscapeRight";
				INFOPLIST_KEY_UISupportedInterfaceOrientations_iPhone = "UIInterfaceOrientationPortrait UIInterfaceOrientationLandscapeLeft UIInterfaceOrientationLandscapeRight";
				LD_RUNPATH_SEARCH_PATHS = (
					"$(inherited)",
					"@executable_path/Frameworks",
				);
				MARKETING_VERSION = 1.0;
				PRODUCT_BUNDLE_IDENTIFIER = alt.LetsEatingTime;
				PRODUCT_NAME = "$(TARGET_NAME)";
				SWIFT_EMIT_LOC_STRINGS = YES;
				SWIFT_VERSION = 5.0;
				TARGETED_DEVICE_FAMILY = "1,2";
			};
			name = Release;
		};
/* End XCBuildConfiguration section */

/* Begin XCConfigurationList section */
		8541418329C9A6C50063DF27 /* Build configuration list for PBXProject "LetsEatingTime" */ = {
			isa = XCConfigurationList;
			buildConfigurations = (
				8541419A29C9A6C50063DF27 /* Debug */,
				8541419B29C9A6C50063DF27 /* Release */,
			);
			defaultConfigurationIsVisible = 0;
			defaultConfigurationName = Release;
		};
		8541419C29C9A6C50063DF27 /* Build configuration list for PBXNativeTarget "LetsEatingTime" */ = {
			isa = XCConfigurationList;
			buildConfigurations = (
				8541419D29C9A6C50063DF27 /* Debug */,
				8541419E29C9A6C50063DF27 /* Release */,
			);
			defaultConfigurationIsVisible = 0;
			defaultConfigurationName = Release;
		};
/* End XCConfigurationList section */

/* Begin XCRemoteSwiftPackageReference section */
		8541419F29C9A8D40063DF27 /* XCRemoteSwiftPackageReference "Then" */ = {
			isa = XCRemoteSwiftPackageReference;
			repositoryURL = "https://github.com/devxoul/Then.git";
			requirement = {
				kind = upToNextMajorVersion;
				minimumVersion = 3.0.0;
			};
		};
		854141A529C9A8F70063DF27 /* XCRemoteSwiftPackageReference "SnapKit" */ = {
			isa = XCRemoteSwiftPackageReference;
			repositoryURL = "https://github.com/SnapKit/SnapKit.git";
			requirement = {
				kind = upToNextMajorVersion;
				minimumVersion = 5.0.0;
			};
		};
		8588874A29CABCDD00D0CDAA /* XCRemoteSwiftPackageReference "Alamofire" */ = {
			isa = XCRemoteSwiftPackageReference;
			repositoryURL = "https://github.com/Alamofire/Alamofire";
			requirement = {
				kind = upToNextMajorVersion;
				minimumVersion = 5.0.0;
			};
		};
/* End XCRemoteSwiftPackageReference section */

/* Begin XCSwiftPackageProductDependency section */
		854141A029C9A8D40063DF27 /* Then */ = {
			isa = XCSwiftPackageProductDependency;
			package = 8541419F29C9A8D40063DF27 /* XCRemoteSwiftPackageReference "Then" */;
			productName = Then;
		};
		854141A629C9A8F70063DF27 /* SnapKit */ = {
			isa = XCSwiftPackageProductDependency;
			package = 854141A529C9A8F70063DF27 /* XCRemoteSwiftPackageReference "SnapKit" */;
			productName = SnapKit;
		};
		8588874B29CABCDD00D0CDAA /* Alamofire */ = {
			isa = XCSwiftPackageProductDependency;
			package = 8588874A29CABCDD00D0CDAA /* XCRemoteSwiftPackageReference "Alamofire" */;
			productName = Alamofire;
		};
/* End XCSwiftPackageProductDependency section */

/* Begin XCVersionGroup section */
		854141AE29C9AEA00063DF27 /* DataBase.xcdatamodeld */ = {
			isa = XCVersionGroup;
			children = (
				854141AF29C9AEA00063DF27 /* DataBase.xcdatamodel */,
			);
			currentVersion = 854141AF29C9AEA00063DF27 /* DataBase.xcdatamodel */;
			path = DataBase.xcdatamodeld;
			sourceTree = "<group>";
			versionGroupType = wrapper.xcdatamodel;
		};
/* End XCVersionGroup section */
	};
	rootObject = 8541418029C9A6C50063DF27 /* Project object */;
}
